# This file is automatically @generated by Poetry 1.8.1 and should not be changed by hand.

[[package]]
name = "connect-four-lib"
version = "1.3.0"
description = "A library for connect 4 game"
optional = false
python-versions = "<4.0,>=3.10"
files = [
    {file = "connect_four_lib-1.3.0-py3-none-any.whl", hash = "sha256:03c1a574f7ead9c053e4d88a3992e7802e902f5474a5bcf585dbaab416c1ea77"},
    {file = "connect_four_lib-1.3.0.tar.gz", hash = "sha256:958f8a14aedcbf737ef5b83cef83e874c771b7535143421fe3284ee8f3e0f3e6"},
]

[package.dependencies]
duo-game-lib = ">=0.1.0,<0.2.0"

[[package]]
name = "duo-game-lib"
version = "0.1.1"
description = "Logic for turn-based duo game"
optional = false
python-versions = "<4.0,>=3.10"
files = [
    {file = "duo_game_lib-0.1.1-py3-none-any.whl", hash = "sha256:16bc311f05f6251b7bc959fb1a9fc90c630f4ae7adb2b20b8dc9c83985cad26f"},
    {file = "duo_game_lib-0.1.1.tar.gz", hash = "sha256:11316109fe2004ed6b6a7b697cc80ea26063cbd431dd7c46c31e92129de100db"},
]

[metadata]
lock-version = "2.0"
python-versions = "^3.10"
content-hash = "9d6f50f0ea178aff447b73f5dcb1b0e0aef4424a1f0d86a2627a6aed1b3cbbad"
